PODS:
  - Alamofire (1.3.1)
  - CMDQueryStringSerialization (0.2.0)
  - Spring (1.0.3)
  - SSKeychain (1.2.3)
  - SwiftyJSON (2.2.1)
  - VENCore (3.0.1):
    - CMDQueryStringSerialization (~> 0.2.0)
  - Venmo-iOS-SDK (1.3.0):
    - CMDQueryStringSerialization (~> 0.2.0)
    - SSKeychain (~> 1.2.2)
    - VENCore (~> 3.0.0)

DEPENDENCIES:
  - Alamofire (~> 1.3)
  - Spring
  - SwiftyJSON
  - Venmo-iOS-SDK (~> 1.3)

SPEC CHECKSUMS:
  Alamofire: e4ab637e3195b645c814b87a652373439e59f2a4
  CMDQueryStringSerialization: 15f9004212bbc72533bb533f63df79d90a00a7d8
  Spring: 3f02b5dc3308572ef177b3cad0fa7bbc4b0706f7
  SSKeychain: 3f42991739c6c60a9cf1bbd4dff6c0d3694bcf3d
  SwiftyJSON: ae2d0a3d68025d136602a33c4ee215091ced3e33
  VENCore: 7adedc7c0e65e3ba922cc21c35f3d0e133d43df7
  Venmo-iOS-SDK: 456097c6df57544362719ea8db01541953aec44d

COCOAPODS: 0.38.2
